
Microsoft Visual Studio Solution File, Format Version 12.00
# Visual Studio Version 17
VisualStudioVersion = 17.2.32630.192
MinimumVisualStudioVersion = 10.0.40219.1
Project("{9A19103F-16F7-4668-BE54-9A1E7A4F7556}") = "WebShop", "WebShop\WebShop.csproj", "{C0259FDC-3655-4A2A-A967-8D88D8DE9F3A}"
EndProject
Global
	GlobalSection(SolutionConfigurationPlatforms) = preSolution
		Debug|Any CPU = Debug|Any CPU
		Release|Any CPU = Release|Any CPU
	EndGlobalSection
	GlobalSection(ProjectConfigurationPlatforms) = postSolution
		{C0259FDC-3655-4A2A-A967-8D88D8DE9F3A}.Debug|Any CPU.ActiveCfg = Debug|Any CPU
		{C0259FDC-3655-4A2A-A967-8D88D8DE9F3A}.Debug|Any CPU.Build.0 = Debug|Any CPU
		{C0259FDC-3655-4A2A-A967-8D88D8DE9F3A}.Release|Any CPU.ActiveCfg = Release|Any CPU
		{C0259FDC-3655-4A2A-A967-8D88D8DE9F3A}.Release|Any CPU.Build.0 = Release|Any CPU
	EndGlobalSection
	GlobalSection(SolutionProperties) = preSolution
		HideSolutionNode = FALSE
	EndGlobalSection
	GlobalSection(ExtensibilityGlobals) = postSolution
		SolutionGuid = {64E2976D-CF68-43B6-AA87-B5B1B24C5D23}
	EndGlobalSection
EndGlobal
